
Microsoft Visual Studio Solution File, Format Version 12.00
# Visual Studio 15
VisualStudioVersion = 15.0.27130.2036
MinimumVisualStudioVersion = 10.0.40219.1
Project("{9092AA53-FB77-4645-B42D-1CCCA6BD08BD}") = "TestNodeJsApp", "TestNodeJsApp\TestNodeJsApp.njsproj", "{335C2E71-B728-47CB-8448-85ECC7C53489}"
EndProject
Global
	GlobalSection(SolutionConfigurationPlatforms) = preSolution
		Debug|Any CPU = Debug|Any CPU
		Release|Any CPU = Release|Any CPU
	EndGlobalSection
	GlobalSection(ProjectConfigurationPlatforms) = postSolution
		{335C2E71-B728-47CB-8448-85ECC7C53489}.Debug|Any CPU.ActiveCfg = Debug|Any CPU
		{335C2E71-B728-47CB-8448-85ECC7C53489}.Debug|Any CPU.Build.0 = Debug|Any CPU
		{335C2E71-B728-47CB-8448-85ECC7C53489}.Release|Any CPU.ActiveCfg = Release|Any CPU
		{335C2E71-B728-47CB-8448-85ECC7C53489}.Release|Any CPU.Build.0 = Release|Any CPU
	EndGlobalSection
	GlobalSection(SolutionProperties) = preSolution
		HideSolutionNode = FALSE
	EndGlobalSection
	GlobalSection(ExtensibilityGlobals) = postSolution
		SolutionGuid = {7EE2056C-A455-4C1B-BFEB-A0A0FFC254F6}
	EndGlobalSection
EndGlobal
